lockfileVersion: '9.0'

settings:
  autoInstallPeers: true
  excludeLinksFromLockfile: false

importers:

  .:
    dependencies:
      '@budarin/http-constants':
        specifier: ^1.0.13
        version: 1.0.13
    devDependencies:
      '@types/node':
        specifier: ^24.10.0
        version: 24.10.0
      '@types/serviceworker':
        specifier: ^0.0.153
        version: 0.0.153
      '@types/web':
        specifier: ^0.0.269
        version: 0.0.269
      prettier:
        specifier: ^3.6.2
        version: 3.6.2
      typescript:
        specifier: ^5.9.3
        version: 5.9.3

packages:

  '@budarin/http-constants@1.0.13':
    resolution: {integrity: sha512-++kF/d0UAWVzY3DPvJ9BmYnlxImjQEA97ZHXXu8F5ZEgngDUZ9KwagR+m2NMr5k+/LdUQdDtKeuq6Y5n8d7PAg==}

  '@types/node@24.10.0':
    resolution: {integrity: sha512-qzQZRBqkFsYyaSWXuEHc2WR9c0a0CXwiE5FWUvn7ZM+vdy1uZLfCunD38UzhuB7YN/J11ndbDBcTmOdxJo9Q7A==}

  '@types/serviceworker@0.0.153':
    resolution: {integrity: sha512-/cg6dFEkNchJLyRCGo4Gb8mF200qr3xskM5dCPgbtK0OzXxcFcXa6BEBdyG7JksRsTrvCR+V6aFPncoOYAwYhQ==}

  '@types/web@0.0.269':
    resolution: {integrity: sha512-V0GRvvdAa79Wok8aRrlaSLcGxjixiQbcet3kq+5ixIq9L4jsG+QZd91HEYOXTMF+My745N/KtsM9eyPY1iVINg==}

  prettier@3.6.2:
    resolution: {integrity: sha512-I7AIg5boAr5R0FFtJ6rCfD+LFsWHp81dolrFD8S79U9tb8Az2nGrJncnMSnys+bpQJfRUzqs9hnA81OAA3hCuQ==}
    engines: {node: '>=14'}
    hasBin: true

  typescript@5.9.3:
    resolution: {integrity: sha512-jl1vZzPDinLr9eUt3J/t7V6FgNEw9QjvBPdysz9KfQDD41fQrC2Y4vKQdiaUpFT4bXlb1RHhLpp8wtm6M5TgSw==}
    engines: {node: '>=14.17'}
    hasBin: true

  undici-types@7.16.0:
    resolution: {integrity: sha512-Zz+aZWSj8LE6zoxD+xrjh4VfkIG8Ya6LvYkZqtUQGJPZjYl53ypCaUwWqo7eI0x66KBGeRo+mlBEkMSeSZ38Nw==}

snapshots:

  '@budarin/http-constants@1.0.13': {}

  '@types/node@24.10.0':
    dependencies:
      undici-types: 7.16.0

  '@types/serviceworker@0.0.153': {}

  '@types/web@0.0.269': {}

  prettier@3.6.2: {}

  typescript@5.9.3: {}

  undici-types@7.16.0: {}
